
Microsoft Visual Studio Solution File, Format Version 12.00
# Visual Studio 14
VisualStudioVersion = 14.0.24720.0
MinimumVisualStudioVersion = 10.0.40219.1
Project("{FAE04EC0-301F-11D3-BF4B-00C04F79EFBC}") = "deletedir", "deletedir\deletedir.csproj", "{E31F151D-7361-4DAC-9EDB-01CA9DF3CA34}"
EndProject
Global
	GlobalSection(SolutionConfigurationPlatforms) = preSolution
		Debug|Any CPU = Debug|Any CPU
		Release|Any CPU = Release|Any CPU
	EndGlobalSection
	GlobalSection(ProjectConfigurationPlatforms) = postSolution
		{E31F151D-7361-4DAC-9EDB-01CA9DF3CA34}.Debug|Any CPU.ActiveCfg = Debug|Any CPU
		{E31F151D-7361-4DAC-9EDB-01CA9DF3CA34}.Debug|Any CPU.Build.0 = Debug|Any CPU
		{E31F151D-7361-4DAC-9EDB-01CA9DF3CA34}.Release|Any CPU.ActiveCfg = Release|Any CPU
		{E31F151D-7361-4DAC-9EDB-01CA9DF3CA34}.Release|Any CPU.Build.0 = Release|Any CPU
	EndGlobalSection
	GlobalSection(SolutionProperties) = preSolution
		HideSolutionNode = FALSE
	EndGlobalSection
EndGlobal
